// !$*UTF8*$!
{
	archiveVersion = 1;
	classes = {
	};
	objectVersion = 51;
	objects = {

/* Begin PBXBuildFile section */
		45ED40580B5B4BA6939BD1E9 /* Pods_InstagramFirestore.framework in Frameworks */ = {isa = PBXBuildFile; fileRef = B51E68E56526146CE9A6CB94 /* Pods_InstagramFirestore.framework */; };
		C92363B326B490640046A5F6 /* UserCell.swift in Sources */ = {isa = PBXBuildFile; fileRef = C92363B226B490640046A5F6 /* UserCell.swift */; };
		C92363B526B49A6B0046A5F6 /* UserCellViewModel.swift in Sources */ = {isa = PBXBuildFile; fileRef = C92363B426B49A6B0046A5F6 /* UserCellViewModel.swift */; };
		C9634CC626A5C6DD00BBE5CC /* AppDelegate.swift in Sources */ = {isa = PBXBuildFile; fileRef = C9634CC526A5C6DD00BBE5CC /* AppDelegate.swift */; };
		C9634CC826A5C6DD00BBE5CC /* SceneDelegate.swift in Sources */ = {isa = PBXBuildFile; fileRef = C9634CC726A5C6DD00BBE5CC /* SceneDelegate.swift */; };
		C9634CCA26A5C6DD00BBE5CC /* ViewController.swift in Sources */ = {isa = PBXBuildFile; fileRef = C9634CC926A5C6DD00BBE5CC /* ViewController.swift */; };
		C9634CCD26A5C6DD00BBE5CC /* Main.storyboard in Resources */ = {isa = PBXBuildFile; fileRef = C9634CCB26A5C6DD00BBE5CC /* Main.storyboard */; };
		C9634CCF26A5C6DE00BBE5CC /* Assets.xcassets in Resources */ = {isa = PBXBuildFile; fileRef = C9634CCE26A5C6DE00BBE5CC /* Assets.xcassets */; };
		C9634CD226A5C6DE00BBE5CC /* LaunchScreen.storyboard in Resources */ = {isa = PBXBuildFile; fileRef = C9634CD026A5C6DE00BBE5CC /* LaunchScreen.storyboard */; };
		C9634CE126A5C7E100BBE5CC /* MainTabController.swift in Sources */ = {isa = PBXBuildFile; fileRef = C9634CE026A5C7E100BBE5CC /* MainTabController.swift */; };
		C9634CE326A5C97000BBE5CC /* FeedController.swift in Sources */ = {isa = PBXBuildFile; fileRef = C9634CE226A5C97000BBE5CC /* FeedController.swift */; };
		C9634CE526A5C97700BBE5CC /* SearchController.swift in Sources */ = {isa = PBXBuildFile; fileRef = C9634CE426A5C97700BBE5CC /* SearchController.swift */; };
		C9634CE726A5C98B00BBE5CC /* ImageSelectorController.swift in Sources */ = {isa = PBXBuildFile; fileRef = C9634CE626A5C98B00BBE5CC /* ImageSelectorController.swift */; };
		C9634CE926A5C99900BBE5CC /* NotificationsController.swift in Sources */ = {isa = PBXBuildFile; fileRef = C9634CE826A5C99900BBE5CC /* NotificationsController.swift */; };
		C9634CEB26A5C9A500BBE5CC /* ProfileController.swift in Sources */ = {isa = PBXBuildFile; fileRef = C9634CEA26A5C9A500BBE5CC /* ProfileController.swift */; };
		C9634CED26A5D76600BBE5CC /* FeedCell.swift in Sources */ = {isa = PBXBuildFile; fileRef = C9634CEC26A5D76600BBE5CC /* FeedCell.swift */; };
		C9634CEF26A5D8F000BBE5CC /* Extensions.swift in Sources */ = {isa = PBXBuildFile; fileRef = C9634CEE26A5D8F000BBE5CC /* Extensions.swift */; };
		C9634CF226A5FD0300BBE5CC /* LoginController.swift in Sources */ = {isa = PBXBuildFile; fileRef = C9634CF126A5FD0300BBE5CC /* LoginController.swift */; };
		C9634CF426A5FD0A00BBE5CC /* RegistrationController.swift in Sources */ = {isa = PBXBuildFile; fileRef = C9634CF326A5FD0A00BBE5CC /* RegistrationController.swift */; };
		C96FD5DD26AC5A0700495175 /* ProfileCell.swift in Sources */ = {isa = PBXBuildFile; fileRef = C96FD5DC26AC5A0700495175 /* ProfileCell.swift */; };
		C96FD5DF26AC5A0F00495175 /* ProfileHeader.swift in Sources */ = {isa = PBXBuildFile; fileRef = C96FD5DE26AC5A0F00495175 /* ProfileHeader.swift */; };
		C96FD5E226AC668700495175 /* UserService.swift in Sources */ = {isa = PBXBuildFile; fileRef = C96FD5E126AC668700495175 /* UserService.swift */; };
		C96FD5E426AC66BA00495175 /* Constants.swift in Sources */ = {isa = PBXBuildFile; fileRef = C96FD5E326AC66BA00495175 /* Constants.swift */; };
		C96FD5E626AC682000495175 /* User.swift in Sources */ = {isa = PBXBuildFile; fileRef = C96FD5E526AC681F00495175 /* User.swift */; };
		C96FD5E826AC6C0F00495175 /* ProfileHeaderViewModel.swift in Sources */ = {isa = PBXBuildFile; fileRef = C96FD5E726AC6C0F00495175 /* ProfileHeaderViewModel.swift */; };
		C99912BB26A70E770028D1B1 /* CustomTextField.swift in Sources */ = {isa = PBXBuildFile; fileRef = C99912BA26A70E770028D1B1 /* CustomTextField.swift */; };
		C99912BD26A715500028D1B1 /* AuthenticationButton.swift in Sources */ = {isa = PBXBuildFile; fileRef = C99912BC26A715500028D1B1 /* AuthenticationButton.swift */; };
		C99912BF26A71CDC0028D1B1 /* AuthenticationViewModel.swift in Sources */ = {isa = PBXBuildFile; fileRef = C99912BE26A71CDC0028D1B1 /* AuthenticationViewModel.swift */; };
		C9B35E8326A8B569003AEC7D /* GoogleService-Info.plist in Resources */ = {isa = PBXBuildFile; fileRef = C9B35E8226A8B569003AEC7D /* GoogleService-Info.plist */; };
		C9B35E8526A8EA84003AEC7D /* ImageUploader.swift in Sources */ = {isa = PBXBuildFile; fileRef = C9B35E8426A8EA84003AEC7D /* ImageUploader.swift */; };
		C9B35E8726A8EA8F003AEC7D /* AuthService.swift in Sources */ = {isa = PBXBuildFile; fileRef = C9B35E8626A8EA8F003AEC7D /* AuthService.swift */; };
		C9EB0E9B26CAA55C001394BD /* UploadPostController.swift in Sources */ = {isa = PBXBuildFile; fileRef = C9EB0E9A26CAA55C001394BD /* UploadPostController.swift */; };
		C9EB0E9D26CAA9D9001394BD /* InputTextView.swift in Sources */ = {isa = PBXBuildFile; fileRef = C9EB0E9C26CAA9D9001394BD /* InputTextView.swift */; };
		C9EB0E9F26CAB5F7001394BD /* PostService.swift in Sources */ = {isa = PBXBuildFile; fileRef = C9EB0E9E26CAB5F7001394BD /* PostService.swift */; };
		C9EB0EA126CAED93001394BD /* Post.swift in Sources */ = {isa = PBXBuildFile; fileRef = C9EB0EA026CAED93001394BD /* Post.swift */; };
		C9EB0EA326CAF279001394BD /* PostViewModel.swift in Sources */ = {isa = PBXBuildFile; fileRef = C9EB0EA226CAF279001394BD /* PostViewModel.swift */; };
/* End PBXBuildFile section */

/* Begin PBXFileReference section */
		3FDEC196103130A244E48C5B /* Pods-InstagramFirestore.release.xcconfig */ = {isa = PBXFileReference; includeInIndex = 1; lastKnownFileType = text.xcconfig; name = "Pods-InstagramFirestore.release.xcconfig"; path = "Target Support Files/Pods-InstagramFirestore/Pods-InstagramFirestore.release.xcconfig"; sourceTree = "<group>"; };
		AEBB21609A323E4ECBFF2B38 /* Pods-InstagramFirestore.debug.xcconfig */ = {isa = PBXFileReference; includeInIndex = 1; lastKnownFileType = text.xcconfig; name = "Pods-InstagramFirestore.debug.xcconfig"; path = "Target Support Files/Pods-InstagramFirestore/Pods-InstagramFirestore.debug.xcconfig"; sourceTree = "<group>"; };
		B51E68E56526146CE9A6CB94 /* Pods_InstagramFirestore.framework */ = {isa = PBXFileReference; explicitFileType = wrapper.framework; includeInIndex = 0; path = Pods_InstagramFirestore.framework; sourceTree = BUILT_PRODUCTS_DIR; };
		C92363B226B490640046A5F6 /* UserCell.swift */ = {isa = PBXFileReference; lastKnownFileType = sourcecode.swift; path = UserCell.swift; sourceTree = "<group>"; };
		C92363B426B49A6B0046A5F6 /* UserCellViewModel.swift */ = {isa = PBXFileReference; lastKnownFileType = sourcecode.swift; path = UserCellViewModel.swift; sourceTree = "<group>"; };
		C9634CC226A5C6DD00BBE5CC /* InstagramFirestore.app */ = {isa = PBXFileReference; explicitFileType = wrapper.application; includeInIndex = 0; path = InstagramFirestore.app; sourceTree = BUILT_PRODUCTS_DIR; };
		C9634CC526A5C6DD00BBE5CC /* AppDelegate.swift */ = {isa = PBXFileReference; lastKnownFileType = sourcecode.swift; path = AppDelegate.swift; sourceTree = "<group>"; };
		C9634CC726A5C6DD00BBE5CC /* SceneDelegate.swift */ = {isa = PBXFileReference; lastKnownFileType = sourcecode.swift; path = SceneDelegate.swift; sourceTree = "<group>"; };
		C9634CC926A5C6DD00BBE5CC /* ViewController.swift */ = {isa = PBXFileReference; lastKnownFileType = sourcecode.swift; path = ViewController.swift; sourceTree = "<group>"; };
		C9634CCC26A5C6DD00BBE5CC /* Base */ = {isa = PBXFileReference; lastKnownFileType = file.storyboard; name = Base; path = Base.lproj/Main.storyboard; sourceTree = "<group>"; };
		C9634CCE26A5C6DE00BBE5CC /* Assets.xcassets */ = {isa = PBXFileReference; lastKnownFileType = folder.assetcatalog; path = Assets.xcassets; sourceTree = "<group>"; };
		C9634CD126A5C6DE00BBE5CC /* Base */ = {isa = PBXFileReference; lastKnownFileType = file.storyboard; name = Base; path = Base.lproj/LaunchScreen.storyboard; sourceTree = "<group>"; };
		C9634CD326A5C6DE00BBE5CC /* Info.plist */ = {isa = PBXFileReference; lastKnownFileType = text.plist.xml; path = Info.plist; sourceTree = "<group>"; };
		C9634CE026A5C7E100BBE5CC /* MainTabController.swift */ = {isa = PBXFileReference; lastKnownFileType = sourcecode.swift; path = MainTabController.swift; sourceTree = "<group>"; };
		C9634CE226A5C97000BBE5CC /* FeedController.swift */ = {isa = PBXFileReference; lastKnownFileType = sourcecode.swift; path = FeedController.swift; sourceTree = "<group>"; };
		C9634CE426A5C97700BBE5CC /* SearchController.swift */ = {isa = PBXFileReference; lastKnownFileType = sourcecode.swift; path = SearchController.swift; sourceTree = "<group>"; };
		C9634CE626A5C98B00BBE5CC /* ImageSelectorController.swift */ = {isa = PBXFileReference; lastKnownFileType = sourcecode.swift; path = ImageSelectorController.swift; sourceTree = "<group>"; };
		C9634CE826A5C99900BBE5CC /* NotificationsController.swift */ = {isa = PBXFileReference; lastKnownFileType = sourcecode.swift; path = NotificationsController.swift; sourceTree = "<group>"; };
		C9634CEA26A5C9A500BBE5CC /* ProfileController.swift */ = {isa = PBXFileReference; lastKnownFileType = sourcecode.swift; path = ProfileController.swift; sourceTree = "<group>"; };
		C9634CEC26A5D76600BBE5CC /* FeedCell.swift */ = {isa = PBXFileReference; lastKnownFileType = sourcecode.swift; path = FeedCell.swift; sourceTree = "<group>"; };
		C9634CEE26A5D8F000BBE5CC /* Extensions.swift */ = {isa = PBXFileReference; lastKnownFileType = sourcecode.swift; path = Extensions.swift; sourceTree = "<group>"; };
		C9634CF126A5FD0300BBE5CC /* LoginController.swift */ = {isa = PBXFileReference; lastKnownFileType = sourcecode.swift; path = LoginController.swift; sourceTree = "<group>"; };
		C9634CF326A5FD0A00BBE5CC /* RegistrationController.swift */ = {isa = PBXFileReference; lastKnownFileType = sourcecode.swift; path = RegistrationController.swift; sourceTree = "<group>"; };
		C96FD5DC26AC5A0700495175 /* ProfileCell.swift */ = {isa = PBXFileReference; lastKnownFileType = sourcecode.swift; path = ProfileCell.swift; sourceTree = "<group>"; };
		C96FD5DE26AC5A0F00495175 /* ProfileHeader.swift */ = {isa = PBXFileReference; lastKnownFileType = sourcecode.swift; path = ProfileHeader.swift; sourceTree = "<group>"; };
		C96FD5E126AC668700495175 /* UserService.swift */ = {isa = PBXFileReference; lastKnownFileType = sourcecode.swift; path = UserService.swift; sourceTree = "<group>"; };
		C96FD5E326AC66BA00495175 /* Constants.swift */ = {isa = PBXFileReference; lastKnownFileType = sourcecode.swift; path = Constants.swift; sourceTree = "<group>"; };
		C96FD5E526AC681F00495175 /* User.swift */ = {isa = PBXFileReference; lastKnownFileType = sourcecode.swift; path = User.swift; sourceTree = "<group>"; };
		C96FD5E726AC6C0F00495175 /* ProfileHeaderViewModel.swift */ = {isa = PBXFileReference; lastKnownFileType = sourcecode.swift; path = ProfileHeaderViewModel.swift; sourceTree = "<group>"; };
		C99912BA26A70E770028D1B1 /* CustomTextField.swift */ = {isa = PBXFileReference; lastKnownFileType = sourcecode.swift; path = CustomTextField.swift; sourceTree = "<group>"; };
		C99912BC26A715500028D1B1 /* AuthenticationButton.swift */ = {isa = PBXFileReference; lastKnownFileType = sourcecode.swift; path = AuthenticationButton.swift; sourceTree = "<group>"; };
		C99912BE26A71CDC0028D1B1 /* AuthenticationViewModel.swift */ = {isa = PBXFileReference; lastKnownFileType = sourcecode.swift; path = AuthenticationViewModel.swift; sourceTree = "<group>"; };
		C9B35E8226A8B569003AEC7D /* GoogleService-Info.plist */ = {isa = PBXFileReference; lastKnownFileType = text.plist; path = "GoogleService-Info.plist"; sourceTree = SOURCE_ROOT; };
		C9B35E8426A8EA84003AEC7D /* ImageUploader.swift */ = {isa = PBXFileReference; lastKnownFileType = sourcecode.swift; path = ImageUploader.swift; sourceTree = "<group>"; };
		C9B35E8626A8EA8F003AEC7D /* AuthService.swift */ = {isa = PBXFileReference; lastKnownFileType = sourcecode.swift; path = AuthService.swift; sourceTree = "<group>"; };
		C9B35E8826A8F407003AEC7D /* InstagramFirestore.entitlements */ = {isa = PBXFileReference; lastKnownFileType = text.plist.entitlements; path = InstagramFirestore.entitlements; sourceTree = "<group>"; };
		C9EB0E9A26CAA55C001394BD /* UploadPostController.swift */ = {isa = PBXFileReference; lastKnownFileType = sourcecode.swift; path = UploadPostController.swift; sourceTree = "<group>"; };
		C9EB0E9C26CAA9D9001394BD /* InputTextView.swift */ = {isa = PBXFileReference; lastKnownFileType = sourcecode.swift; path = InputTextView.swift; sourceTree = "<group>"; };
		C9EB0E9E26CAB5F7001394BD /* PostService.swift */ = {isa = PBXFileReference; lastKnownFileType = sourcecode.swift; path = PostService.swift; sourceTree = "<group>"; };
		C9EB0EA026CAED93001394BD /* Post.swift */ = {isa = PBXFileReference; lastKnownFileType = sourcecode.swift; path = Post.swift; sourceTree = "<group>"; };
		C9EB0EA226CAF279001394BD /* PostViewModel.swift */ = {isa = PBXFileReference; lastKnownFileType = sourcecode.swift; path = PostViewModel.swift; sourceTree = "<group>"; };
/* End PBXFileReference section */

/* Begin PBXFrameworksBuildPhase section */
		C9634CBF26A5C6DD00BBE5CC /* Frameworks */ = {
			isa = PBXFrameworksBuildPhase;
			buildActionMask = 2147483647;
			files = (
				45ED40580B5B4BA6939BD1E9 /* Pods_InstagramFirestore.framework in Frameworks */,
			);
			runOnlyForDeploymentPostprocessing = 0;
		};
/* End PBXFrameworksBuildPhase section */

/* Begin PBXGroup section */
		00D25ABE7DE3FE0CB8ED6E2C /* Pods */ = {
			isa = PBXGroup;
			children = (
				AEBB21609A323E4ECBFF2B38 /* Pods-InstagramFirestore.debug.xcconfig */,
				3FDEC196103130A244E48C5B /* Pods-InstagramFirestore.release.xcconfig */,
			);
			path = Pods;
			sourceTree = "<group>";
		};
		7B4B5D6631968A3E8C49134A /* Frameworks */ = {
			isa = PBXGroup;
			children = (
				B51E68E56526146CE9A6CB94 /* Pods_InstagramFirestore.framework */,
			);
			name = Frameworks;
			sourceTree = "<group>";
		};
		C9634CB926A5C6DD00BBE5CC = {
			isa = PBXGroup;
			children = (
				C9634CC426A5C6DD00BBE5CC /* InstagramFirestore */,
				C9634CC326A5C6DD00BBE5CC /* Products */,
				00D25ABE7DE3FE0CB8ED6E2C /* Pods */,
				7B4B5D6631968A3E8C49134A /* Frameworks */,
			);
			sourceTree = "<group>";
		};
		C9634CC326A5C6DD00BBE5CC /* Products */ = {
			isa = PBXGroup;
			children = (
				C9634CC226A5C6DD00BBE5CC /* InstagramFirestore.app */,
			);
			name = Products;
			sourceTree = "<group>";
		};
		C9634CC426A5C6DD00BBE5CC /* InstagramFirestore */ = {
			isa = PBXGroup;
			children = (
				C96FD5DB26AC59D500495175 /* Model */,
				C9B35E8826A8F407003AEC7D /* InstagramFirestore.entitlements */,
				C9634CDD26A5C72200BBE5CC /* View */,
				C9634CDC26A5C72000BBE5CC /* ViewModel */,
				C9634CDB26A5C71D00BBE5CC /* Controller */,
				C9634CDA26A5C71900BBE5CC /* API */,
				C9634CD926A5C70400BBE5CC /* Utils */,
				C9634CC526A5C6DD00BBE5CC /* AppDelegate.swift */,
				C9634CC726A5C6DD00BBE5CC /* SceneDelegate.swift */,
				C9634CC926A5C6DD00BBE5CC /* ViewController.swift */,
				C9634CCB26A5C6DD00BBE5CC /* Main.storyboard */,
				C9634CCE26A5C6DE00BBE5CC /* Assets.xcassets */,
				C9634CD026A5C6DE00BBE5CC /* LaunchScreen.storyboard */,
				C9634CD326A5C6DE00BBE5CC /* Info.plist */,
				C9B35E8226A8B569003AEC7D /* GoogleService-Info.plist */,
			);
			path = InstagramFirestore;
			sourceTree = "<group>";
		};
		C9634CD926A5C70400BBE5CC /* Utils */ = {
			isa = PBXGroup;
			children = (
				C9634CEE26A5D8F000BBE5CC /* Extensions.swift */,
				C96FD5E326AC66BA00495175 /* Constants.swift */,
				C9EB0E9C26CAA9D9001394BD /* InputTextView.swift */,
			);
			path = Utils;
			sourceTree = "<group>";
		};
		C9634CDA26A5C71900BBE5CC /* API */ = {
			isa = PBXGroup;
			children = (
				C9B35E8426A8EA84003AEC7D /* ImageUploader.swift */,
				C9B35E8626A8EA8F003AEC7D /* AuthService.swift */,
				C96FD5E126AC668700495175 /* UserService.swift */,
				C9EB0E9E26CAB5F7001394BD /* PostService.swift */,
			);
			path = API;
			sourceTree = "<group>";
		};
		C9634CDB26A5C71D00BBE5CC /* Controller */ = {
			isa = PBXGroup;
			children = (
				C9634CF026A5FCF200BBE5CC /* Authentication */,
				C9634CE026A5C7E100BBE5CC /* MainTabController.swift */,
				C9634CE226A5C97000BBE5CC /* FeedController.swift */,
				C9634CE426A5C97700BBE5CC /* SearchController.swift */,
				C9634CE626A5C98B00BBE5CC /* ImageSelectorController.swift */,
				C9634CE826A5C99900BBE5CC /* NotificationsController.swift */,
				C9634CEA26A5C9A500BBE5CC /* ProfileController.swift */,
				C9EB0E9A26CAA55C001394BD /* UploadPostController.swift */,
			);
			path = Controller;
			sourceTree = "<group>";
		};
		C9634CDC26A5C72000BBE5CC /* ViewModel */ = {
			isa = PBXGroup;
			children = (
				C99912BE26A71CDC0028D1B1 /* AuthenticationViewModel.swift */,
				C96FD5E726AC6C0F00495175 /* ProfileHeaderViewModel.swift */,
				C92363B426B49A6B0046A5F6 /* UserCellViewModel.swift */,
				C9EB0EA226CAF279001394BD /* PostViewModel.swift */,
			);
			path = ViewModel;
			sourceTree = "<group>";
		};
		C9634CDD26A5C72200BBE5CC /* View */ = {
			isa = PBXGroup;
			children = (
				C96FD5E026AC5A1300495175 /* Profile */,
				C9634CEC26A5D76600BBE5CC /* FeedCell.swift */,
				C99912BA26A70E770028D1B1 /* CustomTextField.swift */,
				C99912BC26A715500028D1B1 /* AuthenticationButton.swift */,
				C92363B226B490640046A5F6 /* UserCell.swift */,
			);
			path = View;
			sourceTree = "<group>";
		};
		C9634CF026A5FCF200BBE5CC /* Authentication */ = {
			isa = PBXGroup;
			children = (
				C9634CF126A5FD0300BBE5CC /* LoginController.swift */,
				C9634CF326A5FD0A00BBE5CC /* RegistrationController.swift */,
			);
			path = Authentication;
			sourceTree = "<group>";
		};
		C96FD5DB26AC59D500495175 /* Model */ = {
			isa = PBXGroup;
			children = (
				C96FD5E526AC681F00495175 /* User.swift */,
				C9EB0EA026CAED93001394BD /* Post.swift */,
			);
			path = Model;
			sourceTree = "<group>";
		};
		C96FD5E026AC5A1300495175 /* Profile */ = {
			isa = PBXGroup;
			children = (
				C96FD5DC26AC5A0700495175 /* ProfileCell.swift */,
				C96FD5DE26AC5A0F00495175 /* ProfileHeader.swift */,
			);
			path = Profile;
			sourceTree = "<group>";
		};
/* End PBXGroup section */

/* Begin PBXNativeTarget section */
		C9634CC126A5C6DD00BBE5CC /* InstagramFirestore */ = {
			isa = PBXNativeTarget;
			buildConfigurationList = C9634CD626A5C6DE00BBE5CC /* Build configuration list for PBXNativeTarget "InstagramFirestore" */;
			buildPhases = (
				4A81E4C04566195DDA259029 /* [CP] Check Pods Manifest.lock */,
				C9634CBE26A5C6DD00BBE5CC /* Sources */,
				C9634CBF26A5C6DD00BBE5CC /* Frameworks */,
				C9634CC026A5C6DD00BBE5CC /* Resources */,
				0F3C59A4FBFCC51014E329FD /* [CP] Embed Pods Frameworks */,
			);
			buildRules = (
			);
			dependencies = (
			);
			name = InstagramFirestore;
			productName = InstagramFirestore;
			productReference = C9634CC226A5C6DD00BBE5CC /* InstagramFirestore.app */;
			productType = "com.apple.product-type.application";
		};
/* End PBXNativeTarget section */

/* Begin PBXProject section */
		C9634CBA26A5C6DD00BBE5CC /* Project object */ = {
			isa = PBXProject;
			attributes = {
				LastSwiftUpdateCheck = 1250;
				LastUpgradeCheck = 1250;
				TargetAttributes = {
					C9634CC126A5C6DD00BBE5CC = {
						CreatedOnToolsVersion = 12.5.1;
					};
				};
			};
			buildConfigurationList = C9634CBD26A5C6DD00BBE5CC /* Build configuration list for PBXProject "InstagramFirestore" */;
			compatibilityVersion = "Xcode 9.3";
			developmentRegion = en;
			hasScannedForEncodings = 0;
			knownRegions = (
				en,
				Base,
			);
			mainGroup = C9634CB926A5C6DD00BBE5CC;
			productRefGroup = C9634CC326A5C6DD00BBE5CC /* Products */;
			projectDirPath = "";
			projectRoot = "";
			targets = (
				C9634CC126A5C6DD00BBE5CC /* InstagramFirestore */,
			);
		};
/* End PBXProject section */

/* Begin PBXResourcesBuildPhase section */
		C9634CC026A5C6DD00BBE5CC /* Resources */ = {
			isa = PBXResourcesBuildPhase;
			buildActionMask = 2147483647;
			files = (
				C9634CD226A5C6DE00BBE5CC /* LaunchScreen.storyboard in Resources */,
				C9B35E8326A8B569003AEC7D /* GoogleService-Info.plist in Resources */,
				C9634CCF26A5C6DE00BBE5CC /* Assets.xcassets in Resources */,
				C9634CCD26A5C6DD00BBE5CC /* Main.storyboard in Resources */,
			);
			runOnlyForDeploymentPostprocessing = 0;
		};
/* End PBXResourcesBuildPhase section */

/* Begin PBXShellScriptBuildPhase section */
		0F3C59A4FBFCC51014E329FD /* [CP] Embed Pods Frameworks */ = {
			isa = PBXShellScriptBuildPhase;
			buildActionMask = 2147483647;
			files = (
			);
			inputFileListPaths = (
				"${PODS_ROOT}/Target Support Files/Pods-InstagramFirestore/Pods-InstagramFirestore-frameworks-${CONFIGURATION}-input-files.xcfilelist",
			);
			name = "[CP] Embed Pods Frameworks";
			outputFileListPaths = (
				"${PODS_ROOT}/Target Support Files/Pods-InstagramFirestore/Pods-InstagramFirestore-frameworks-${CONFIGURATION}-output-files.xcfilelist",
			);
			runOnlyForDeploymentPostprocessing = 0;
			shellPath = /bin/sh;
			shellScript = "\"${PODS_ROOT}/Target Support Files/Pods-InstagramFirestore/Pods-InstagramFirestore-frameworks.sh\"\n";
			showEnvVarsInLog = 0;
		};
		4A81E4C04566195DDA259029 /* [CP] Check Pods Manifest.lock */ = {
			isa = PBXShellScriptBuildPhase;
			buildActionMask = 2147483647;
			files = (
			);
			inputFileListPaths = (
			);
			inputPaths = (
				"${PODS_PODFILE_DIR_PATH}/Podfile.lock",
				"${PODS_ROOT}/Manifest.lock",
			);
			name = "[CP] Check Pods Manifest.lock";
			outputFileListPaths = (
			);
			outputPaths = (
				"$(DERIVED_FILE_DIR)/Pods-InstagramFirestore-checkManifestLockResult.txt",
			);
			runOnlyForDeploymentPostprocessing = 0;
			shellPath = /bin/sh;
			shellScript = "diff \"${PODS_PODFILE_DIR_PATH}/Podfile.lock\" \"${PODS_ROOT}/Manifest.lock\" > /dev/null\nif [ $? != 0 ] ; then\n    # print error to STDERR\n    echo \"error: The sandbox is not in sync with the Podfile.lock. Run 'pod install' or update your CocoaPods installation.\" >&2\n    exit 1\nfi\n# This output is used by Xcode 'outputs' to avoid re-running this script phase.\necho \"SUCCESS\" > \"${SCRIPT_OUTPUT_FILE_0}\"\n";
			showEnvVarsInLog = 0;
		};
/* End PBXShellScriptBuildPhase section */

/* Begin PBXSourcesBuildPhase section */
		C9634CBE26A5C6DD00BBE5CC /* Sources */ = {
			isa = PBXSourcesBuildPhase;
			buildActionMask = 2147483647;
			files = (
				C9EB0EA326CAF279001394BD /* PostViewModel.swift in Sources */,
				C99912BB26A70E770028D1B1 /* CustomTextField.swift in Sources */,
				C96FD5E426AC66BA00495175 /* Constants.swift in Sources */,
				C9634CCA26A5C6DD00BBE5CC /* ViewController.swift in Sources */,
				C9B35E8526A8EA84003AEC7D /* ImageUploader.swift in Sources */,
				C9B35E8726A8EA8F003AEC7D /* AuthService.swift in Sources */,
				C96FD5E826AC6C0F00495175 /* ProfileHeaderViewModel.swift in Sources */,
				C99912BD26A715500028D1B1 /* AuthenticationButton.swift in Sources */,
				C9EB0E9B26CAA55C001394BD /* UploadPostController.swift in Sources */,
				C9634CF226A5FD0300BBE5CC /* LoginController.swift in Sources */,
				C9EB0EA126CAED93001394BD /* Post.swift in Sources */,
				C99912BF26A71CDC0028D1B1 /* AuthenticationViewModel.swift in Sources */,
				C9634CED26A5D76600BBE5CC /* FeedCell.swift in Sources */,
				C96FD5DF26AC5A0F00495175 /* ProfileHeader.swift in Sources */,
				C9634CE726A5C98B00BBE5CC /* ImageSelectorController.swift in Sources */,
				C9634CE526A5C97700BBE5CC /* SearchController.swift in Sources */,
				C92363B326B490640046A5F6 /* UserCell.swift in Sources */,
				C9634CC626A5C6DD00BBE5CC /* AppDelegate.swift in Sources */,
				C92363B526B49A6B0046A5F6 /* UserCellViewModel.swift in Sources */,
				C9EB0E9D26CAA9D9001394BD /* InputTextView.swift in Sources */,
				C9634CE326A5C97000BBE5CC /* FeedController.swift in Sources */,
				C9634CEB26A5C9A500BBE5CC /* ProfileController.swift in Sources */,
				C9EB0E9F26CAB5F7001394BD /* PostService.swift in Sources */,
				C96FD5E226AC668700495175 /* UserService.swift in Sources */,
				C9634CE126A5C7E100BBE5CC /* MainTabController.swift in Sources */,
				C9634CE926A5C99900BBE5CC /* NotificationsController.swift in Sources */,
				C96FD5DD26AC5A0700495175 /* ProfileCell.swift in Sources */,
				C9634CEF26A5D8F000BBE5CC /* Extensions.swift in Sources */,
				C9634CC826A5C6DD00BBE5CC /* SceneDelegate.swift in Sources */,
				C9634CF426A5FD0A00BBE5CC /* RegistrationController.swift in Sources */,
				C96FD5E626AC682000495175 /* User.swift in Sources */,
			);
			runOnlyForDeploymentPostprocessing = 0;
		};
/* End PBXSourcesBuildPhase section */

/* Begin PBXVariantGroup section */
		C9634CCB26A5C6DD00BBE5CC /* Main.storyboard */ = {
			isa = PBXVariantGroup;
			children = (
				C9634CCC26A5C6DD00BBE5CC /* Base */,
			);
			name = Main.storyboard;
			sourceTree = "<group>";
		};
		C9634CD026A5C6DE00BBE5CC /* LaunchScreen.storyboard */ = {
			isa = PBXVariantGroup;
			children = (
				C9634CD126A5C6DE00BBE5CC /* Base */,
			);
			name = LaunchScreen.storyboard;
			sourceTree = "<group>";
		};
/* End PBXVariantGroup section */

/* Begin XCBuildConfiguration section */
		C9634CD426A5C6DE00BBE5CC /* Debug */ = {
			isa = XCBuildConfiguration;
			buildSettings = {
				ALWAYS_SEARCH_USER_PATHS = NO;
				CLANG_ANALYZER_NONNULL = YES;
				CLANG_ANALYZER_NUMBER_OBJECT_CONVERSION = YES_AGGRESSIVE;
				CLANG_CXX_LANGUAGE_STANDARD = "gnu++14";
				CLANG_CXX_LIBRARY = "libc++";
				CLANG_ENABLE_MODULES = YES;
				CLANG_ENABLE_OBJC_ARC = YES;
				CLANG_ENABLE_OBJC_WEAK = YES;
				CLANG_WARN_BLOCK_CAPTURE_AUTORELEASING = YES;
				CLANG_WARN_BOOL_CONVERSION = YES;
				CLANG_WARN_COMMA = YES;
				CLANG_WARN_CONSTANT_CONVERSION = YES;
				CLANG_WARN_DEPRECATED_OBJC_IMPLEMENTATIONS = YES;
				CLANG_WARN_DIRECT_OBJC_ISA_USAGE = YES_ERROR;
				CLANG_WARN_DOCUMENTATION_COMMENTS = YES;
				CLANG_WARN_EMPTY_BODY = YES;
				CLANG_WARN_ENUM_CONVERSION = YES;
				CLANG_WARN_INFINITE_RECURSION = YES;
				CLANG_WARN_INT_CONVERSION = YES;
				CLANG_WARN_NON_LITERAL_NULL_CONVERSION = YES;
				CLANG_WARN_OBJC_IMPLICIT_RETAIN_SELF = YES;
				CLANG_WARN_OBJC_LITERAL_CONVERSION = YES;
				CLANG_WARN_OBJC_ROOT_CLASS = YES_ERROR;
				CLANG_WARN_QUOTED_INCLUDE_IN_FRAMEWORK_HEADER = YES;
				CLANG_WARN_RANGE_LOOP_ANALYSIS = YES;
				CLANG_WARN_STRICT_PROTOTYPES = YES;
				CLANG_WARN_SUSPICIOUS_MOVE = YES;
				CLANG_WARN_UNGUARDED_AVAILABILITY = YES_AGGRESSIVE;
				CLANG_WARN_UNREACHABLE_CODE = YES;
				CLANG_WARN__DUPLICATE_METHOD_MATCH = YES;
				COPY_PHASE_STRIP = NO;
				DEBUG_INFORMATION_FORMAT = dwarf;
				ENABLE_STRICT_OBJC_MSGSEND = YES;
				ENABLE_TESTABILITY = YES;
				GCC_C_LANGUAGE_STANDARD = gnu11;
				GCC_DYNAMIC_NO_PIC = NO;
				GCC_NO_COMMON_BLOCKS = YES;
				GCC_OPTIMIZATION_LEVEL = 0;
				GCC_PREPROCESSOR_DEFINITIONS = (
					"DEBUG=1",
					"$(inherited)",
				);
				GCC_WARN_64_TO_32_BIT_CONVERSION = YES;
				GCC_WARN_ABOUT_RETURN_TYPE = YES_ERROR;
				GCC_WARN_UNDECLARED_SELECTOR = YES;
				GCC_WARN_UNINITIALIZED_AUTOS = YES_AGGRESSIVE;
				GCC_WARN_UNUSED_FUNCTION = YES;
				GCC_WARN_UNUSED_VARIABLE = YES;
				IPHONEOS_DEPLOYMENT_TARGET = 14.5;
				MTL_ENABLE_DEBUG_INFO = INCLUDE_SOURCE;
				MTL_FAST_MATH = YES;
				ONLY_ACTIVE_ARCH = YES;
				SDKROOT = iphoneos;
				SWIFT_ACTIVE_COMPILATION_CONDITIONS = DEBUG;
				SWIFT_OPTIMIZATION_LEVEL = "-Onone";
			};
			name = Debug;
		};
		C9634CD526A5C6DE00BBE5CC /* Release */ = {
			isa = XCBuildConfiguration;
			buildSettings = {
				ALWAYS_SEARCH_USER_PATHS = NO;
				CLANG_ANALYZER_NONNULL = YES;
				CLANG_ANALYZER_NUMBER_OBJECT_CONVERSION = YES_AGGRESSIVE;
				CLANG_CXX_LANGUAGE_STANDARD = "gnu++14";
				CLANG_CXX_LIBRARY = "libc++";
				CLANG_ENABLE_MODULES = YES;
				CLANG_ENABLE_OBJC_ARC = YES;
				CLANG_ENABLE_OBJC_WEAK = YES;
				CLANG_WARN_BLOCK_CAPTURE_AUTORELEASING = YES;
				CLANG_WARN_BOOL_CONVERSION = YES;
				CLANG_WARN_COMMA = YES;
				CLANG_WARN_CONSTANT_CONVERSION = YES;
				CLANG_WARN_DEPRECATED_OBJC_IMPLEMENTATIONS = YES;
				CLANG_WARN_DIRECT_OBJC_ISA_USAGE = YES_ERROR;
				CLANG_WARN_DOCUMENTATION_COMMENTS = YES;
				CLANG_WARN_EMPTY_BODY = YES;
				CLANG_WARN_ENUM_CONVERSION = YES;
				CLANG_WARN_INFINITE_RECURSION = YES;
				CLANG_WARN_INT_CONVERSION = YES;
				CLANG_WARN_NON_LITERAL_NULL_CONVERSION = YES;
				CLANG_WARN_OBJC_IMPLICIT_RETAIN_SELF = YES;
				CLANG_WARN_OBJC_LITERAL_CONVERSION = YES;
				CLANG_WARN_OBJC_ROOT_CLASS = YES_ERROR;
				CLANG_WARN_QUOTED_INCLUDE_IN_FRAMEWORK_HEADER = YES;
				CLANG_WARN_RANGE_LOOP_ANALYSIS = YES;
				CLANG_WARN_STRICT_PROTOTYPES = YES;
				CLANG_WARN_SUSPICIOUS_MOVE = YES;
				CLANG_WARN_UNGUARDED_AVAILABILITY = YES_AGGRESSIVE;
				CLANG_WARN_UNREACHABLE_CODE = YES;
				CLANG_WARN__DUPLICATE_METHOD_MATCH = YES;
				COPY_PHASE_STRIP = NO;
				DEBUG_INFORMATION_FORMAT = "dwarf-with-dsym";
				ENABLE_NS_ASSERTIONS = NO;
				ENABLE_STRICT_OBJC_MSGSEND = YES;
				GCC_C_LANGUAGE_STANDARD = gnu11;
				GCC_NO_COMMON_BLOCKS = YES;
				GCC_WARN_64_TO_32_BIT_CONVERSION = YES;
				GCC_WARN_ABOUT_RETURN_TYPE = YES_ERROR;
				GCC_WARN_UNDECLARED_SELECTOR = YES;
				GCC_WARN_UNINITIALIZED_AUTOS = YES_AGGRESSIVE;
				GCC_WARN_UNUSED_FUNCTION = YES;
				GCC_WARN_UNUSED_VARIABLE = YES;
				IPHONEOS_DEPLOYMENT_TARGET = 14.5;
				MTL_ENABLE_DEBUG_INFO = NO;
				MTL_FAST_MATH = YES;
				SDKROOT = iphoneos;
				SWIFT_COMPILATION_MODE = wholemodule;
				SWIFT_OPTIMIZATION_LEVEL = "-O";
				VALIDATE_PRODUCT = YES;
			};
			name = Release;
		};
		C9634CD726A5C6DE00BBE5CC /* Debug */ = {
			isa = XCBuildConfiguration;
			baseConfigurationReference = AEBB21609A323E4ECBFF2B38 /* Pods-InstagramFirestore.debug.xcconfig */;
			buildSettings = {
				ASSETCATALOG_COMPILER_APPICON_NAME = AppIcon;
				ASSETCATALOG_COMPILER_GLOBAL_ACCENT_COLOR_NAME = AccentColor;
				CODE_SIGN_ENTITLEMENTS = InstagramFirestore/InstagramFirestore.entitlements;
				CODE_SIGN_STYLE = Automatic;
				INFOPLIST_FILE = InstagramFirestore/Info.plist;
				LD_RUNPATH_SEARCH_PATHS = (
					"$(inherited)",
					"@executable_path/Frameworks",
				);
				PRODUCT_BUNDLE_IDENTIFIER = FranciscoBarafani.InstagramFirestore;
				PRODUCT_NAME = "$(TARGET_NAME)";
				SWIFT_VERSION = 5.0;
				TARGETED_DEVICE_FAMILY = "1,2";
			};
			name = Debug;
		};
		C9634CD826A5C6DE00BBE5CC /* Release */ = {
			isa = XCBuildConfiguration;
			baseConfigurationReference = 3FDEC196103130A244E48C5B /* Pods-InstagramFirestore.release.xcconfig */;
			buildSettings = {
				ASSETCATALOG_COMPILER_APPICON_NAME = AppIcon;
				ASSETCATALOG_COMPILER_GLOBAL_ACCENT_COLOR_NAME = AccentColor;
				CODE_SIGN_ENTITLEMENTS = InstagramFirestore/InstagramFirestore.entitlements;
				CODE_SIGN_STYLE = Automatic;
				INFOPLIST_FILE = InstagramFirestore/Info.plist;
				LD_RUNPATH_SEARCH_PATHS = (
					"$(inherited)",
					"@executable_path/Frameworks",
				);
				PRODUCT_BUNDLE_IDENTIFIER = FranciscoBarafani.InstagramFirestore;
				PRODUCT_NAME = "$(TARGET_NAME)";
				SWIFT_VERSION = 5.0;
				TARGETED_DEVICE_FAMILY = "1,2";
			};
			name = Release;
		};
/* End XCBuildConfiguration section */

/* Begin XCConfigurationList section */
		C9634CBD26A5C6DD00BBE5CC /* Build configuration list for PBXProject "InstagramFirestore" */ = {
			isa = XCConfigurationList;
			buildConfigurations = (
				C9634CD426A5C6DE00BBE5CC /* Debug */,
				C9634CD526A5C6DE00BBE5CC /* Release */,
			);
			defaultConfigurationIsVisible = 0;
			defaultConfigurationName = Release;
		};
		C9634CD626A5C6DE00BBE5CC /* Build configuration list for PBXNativeTarget "InstagramFirestore" */ = {
			isa = XCConfigurationList;
			buildConfigurations = (
				C9634CD726A5C6DE00BBE5CC /* Debug */,
				C9634CD826A5C6DE00BBE5CC /* Release */,
			);
			defaultConfigurationIsVisible = 0;
			defaultConfigurationName = Release;
		};
/* End XCConfigurationList section */
	};
	rootObject = C9634CBA26A5C6DD00BBE5CC /* Project object */;
}
